
Microsoft Visual Studio Solution File, Format Version 12.00
# Visual Studio Version 17
VisualStudioVersion = 17.4.33103.184
MinimumVisualStudioVersion = 10.0.40219.1
Project("{FAE04EC0-301F-11D3-BF4B-00C04F79EFBC}") = "Presentacion", "Presentacion\Presentacion.csproj", "{208A783F-BF80-4085-941A-42438C1E050D}"
EndProject
Project("{FAE04EC0-301F-11D3-BF4B-00C04F79EFBC}") = "Logica", "Logica\Logica.csproj", "{A208B324-529B-4EE0-92F8-555AF7DE5AA9}"
EndProject
Project("{FAE04EC0-301F-11D3-BF4B-00C04F79EFBC}") = "Datos", "Datos\Datos.csproj", "{B513569A-54DB-4C6B-B3EE-3A41BE366BC0}"
EndProject
Global
	GlobalSection(SolutionConfigurationPlatforms) = preSolution
		Debug|Any CPU = Debug|Any CPU
		Release|Any CPU = Release|Any CPU
	EndGlobalSection
	GlobalSection(ProjectConfigurationPlatforms) = postSolution
		{208A783F-BF80-4085-941A-42438C1E050D}.Debug|Any CPU.ActiveCfg = Debug|Any CPU
		{208A783F-BF80-4085-941A-42438C1E050D}.Debug|Any CPU.Build.0 = Debug|Any CPU
		{208A783F-BF80-4085-941A-42438C1E050D}.Release|Any CPU.ActiveCfg = Release|Any CPU
		{208A783F-BF80-4085-941A-42438C1E050D}.Release|Any CPU.Build.0 = Release|Any CPU
		{A208B324-529B-4EE0-92F8-555AF7DE5AA9}.Debug|Any CPU.ActiveCfg = Debug|Any CPU
		{A208B324-529B-4EE0-92F8-555AF7DE5AA9}.Debug|Any CPU.Build.0 = Debug|Any CPU
		{A208B324-529B-4EE0-92F8-555AF7DE5AA9}.Release|Any CPU.ActiveCfg = Release|Any CPU
		{A208B324-529B-4EE0-92F8-555AF7DE5AA9}.Release|Any CPU.Build.0 = Release|Any CPU
		{B513569A-54DB-4C6B-B3EE-3A41BE366BC0}.Debug|Any CPU.ActiveCfg = Debug|Any CPU
		{B513569A-54DB-4C6B-B3EE-3A41BE366BC0}.Debug|Any CPU.Build.0 = Debug|Any CPU
		{B513569A-54DB-4C6B-B3EE-3A41BE366BC0}.Release|Any CPU.ActiveCfg = Release|Any CPU
		{B513569A-54DB-4C6B-B3EE-3A41BE366BC0}.Release|Any CPU.Build.0 = Release|Any CPU
	EndGlobalSection
	GlobalSection(SolutionProperties) = preSolution
		HideSolutionNode = FALSE
	EndGlobalSection
	GlobalSection(ExtensibilityGlobals) = postSolution
		SolutionGuid = {28598B49-2734-48D2-9BA2-BAA4C1CB7B46}
	EndGlobalSection
EndGlobal
